// !$*UTF8*$!
{
	archiveVersion = 1;
	classes = {
	};
	objectVersion = 56;
	objects = {

/* Begin PBXBuildFile section */
		837C30FB2BE06FB500F875A4 /* ColumboBingoApp.swift in Sources */ = {isa = PBXBuildFile; fileRef = 837C30FA2BE06FB500F875A4 /* ColumboBingoApp.swift */; };
		837C30FD2BE06FB500F875A4 /* ContentView.swift in Sources */ = {isa = PBXBuildFile; fileRef = 837C30FC2BE06FB500F875A4 /* ContentView.swift */; };
		837C30FF2BE06FBD00F875A4 /* Assets.xcassets in Resources */ = {isa = PBXBuildFile; fileRef = 837C30FE2BE06FBD00F875A4 /* Assets.xcassets */; };
		837C31022BE06FBD00F875A4 /* Preview Assets.xcassets in Resources */ = {isa = PBXBuildFile; fileRef = 837C31012BE06FBD00F875A4 /* Preview Assets.xcassets */; };
		837C31092BE0712700F875A4 /* Blueprint.swift in Sources */ = {isa = PBXBuildFile; fileRef = 837C31082BE0712700F875A4 /* Blueprint.swift */; };
		837C310B2BE18DCF00F875A4 /* ViewModel.swift in Sources */ = {isa = PBXBuildFile; fileRef = 837C310A2BE18DCF00F875A4 /* ViewModel.swift */; };
		837C310D2BE1D64600F875A4 /* GridButtonView.swift in Sources */ = {isa = PBXBuildFile; fileRef = 837C310C2BE1D64600F875A4 /* GridButtonView.swift */; };
		83C2034D2BE43BAE00A0C99C /* ColumboBingoTests.swift in Sources */ = {isa = PBXBuildFile; fileRef = 83C2034C2BE43BAE00A0C99C /* ColumboBingoTests.swift */; };
/* End PBXBuildFile section */

/* Begin PBXContainerItemProxy section */
		83C2034E2BE43BAE00A0C99C /* PBXContainerItemProxy */ = {
			isa = PBXContainerItemProxy;
			containerPortal = 837C30EF2BE06FB500F875A4 /* Project object */;
			proxyType = 1;
			remoteGlobalIDString = 837C30F62BE06FB500F875A4;
			remoteInfo = ColumboBingo;
		};
/* End PBXContainerItemProxy section */

/* Begin PBXFileReference section */
		837C30F72BE06FB500F875A4 /* ColumboBingo.app */ = {isa = PBXFileReference; explicitFileType = wrapper.application; includeInIndex = 0; path = ColumboBingo.app; sourceTree = BUILT_PRODUCTS_DIR; };
		837C30FA2BE06FB500F875A4 /* ColumboBingoApp.swift */ = {isa = PBXFileReference; lastKnownFileType = sourcecode.swift; path = ColumboBingoApp.swift; sourceTree = "<group>"; };
		837C30FC2BE06FB500F875A4 /* ContentView.swift */ = {isa = PBXFileReference; lastKnownFileType = sourcecode.swift; path = ContentView.swift; sourceTree = "<group>"; };
		837C30FE2BE06FBD00F875A4 /* Assets.xcassets */ = {isa = PBXFileReference; lastKnownFileType = folder.assetcatalog; path = Assets.xcassets; sourceTree = "<group>"; };
		837C31012BE06FBD00F875A4 /* Preview Assets.xcassets */ = {isa = PBXFileReference; lastKnownFileType = folder.assetcatalog; path = "Preview Assets.xcassets"; sourceTree = "<group>"; };
		837C31082BE0712700F875A4 /* Blueprint.swift */ = {isa = PBXFileReference; lastKnownFileType = sourcecode.swift; path = Blueprint.swift; sourceTree = "<group>"; };
		837C310A2BE18DCF00F875A4 /* ViewModel.swift */ = {isa = PBXFileReference; lastKnownFileType = sourcecode.swift; path = ViewModel.swift; sourceTree = "<group>"; };
		837C310C2BE1D64600F875A4 /* GridButtonView.swift */ = {isa = PBXFileReference; lastKnownFileType = sourcecode.swift; path = GridButtonView.swift; sourceTree = "<group>"; };
		837C310E2BE2E01600F875A4 /* ColumboBingo.xctestplan */ = {isa = PBXFileReference; lastKnownFileType = text; path = ColumboBingo.xctestplan; sourceTree = "<group>"; };
		83C203452BE2F4FB00A0C99C /* Info.plist */ = {isa = PBXFileReference; lastKnownFileType = text.plist; path = Info.plist; sourceTree = "<group>"; };
		83C2034A2BE43BAD00A0C99C /* ColumboBingoTests.xctest */ = {isa = PBXFileReference; explicitFileType = wrapper.cfbundle; includeInIndex = 0; path = ColumboBingoTests.xctest; sourceTree = BUILT_PRODUCTS_DIR; };
		83C2034C2BE43BAE00A0C99C /* ColumboBingoTests.swift */ = {isa = PBXFileReference; lastKnownFileType = sourcecode.swift; path = ColumboBingoTests.swift; sourceTree = "<group>"; };
/* End PBXFileReference section */

/* Begin PBXFrameworksBuildPhase section */
		837C30F42BE06FB500F875A4 /* Frameworks */ = {
			isa = PBXFrameworksBuildPhase;
			buildActionMask = 2147483647;
			files = (
			);
			runOnlyForDeploymentPostprocessing = 0;
		};
		83C203472BE43BAD00A0C99C /* Frameworks */ = {
			isa = PBXFrameworksBuildPhase;
			buildActionMask = 2147483647;
			files = (
			);
			runOnlyForDeploymentPostprocessing = 0;
		};
/* End PBXFrameworksBuildPhase section */

/* Begin PBXGroup section */
		837C30EE2BE06FB500F875A4 = {
			isa = PBXGroup;
			children = (
				837C310E2BE2E01600F875A4 /* ColumboBingo.xctestplan */,
				837C30F92BE06FB500F875A4 /* ColumboBingo */,
				83C2034B2BE43BAD00A0C99C /* ColumboBingoTests */,
				837C30F82BE06FB500F875A4 /* Products */,
			);
			sourceTree = "<group>";
		};
		837C30F82BE06FB500F875A4 /* Products */ = {
			isa = PBXGroup;
			children = (
				837C30F72BE06FB500F875A4 /* ColumboBingo.app */,
				83C2034A2BE43BAD00A0C99C /* ColumboBingoTests.xctest */,
			);
			name = Products;
			sourceTree = "<group>";
		};
		837C30F92BE06FB500F875A4 /* ColumboBingo */ = {
			isa = PBXGroup;
			children = (
				83C203452BE2F4FB00A0C99C /* Info.plist */,
				837C30FA2BE06FB500F875A4 /* ColumboBingoApp.swift */,
				837C30FC2BE06FB500F875A4 /* ContentView.swift */,
				837C310C2BE1D64600F875A4 /* GridButtonView.swift */,
				837C310A2BE18DCF00F875A4 /* ViewModel.swift */,
				837C31082BE0712700F875A4 /* Blueprint.swift */,
				837C30FE2BE06FBD00F875A4 /* Assets.xcassets */,
				837C31002BE06FBD00F875A4 /* Preview Content */,
			);
			path = ColumboBingo;
			sourceTree = "<group>";
		};
		837C31002BE06FBD00F875A4 /* Preview Content */ = {
			isa = PBXGroup;
			children = (
				837C31012BE06FBD00F875A4 /* Preview Assets.xcassets */,
			);
			path = "Preview Content";
			sourceTree = "<group>";
		};
		83C2034B2BE43BAD00A0C99C /* ColumboBingoTests */ = {
			isa = PBXGroup;
			children = (
				83C2034C2BE43BAE00A0C99C /* ColumboBingoTests.swift */,
			);
			path = ColumboBingoTests;
			sourceTree = "<group>";
		};
/* End PBXGroup section */

/* Begin PBXNativeTarget section */
		837C30F62BE06FB500F875A4 /* ColumboBingo */ = {
			isa = PBXNativeTarget;
			buildConfigurationList = 837C31052BE06FBD00F875A4 /* Build configuration list for PBXNativeTarget "ColumboBingo" */;
			buildPhases = (
				837C30F32BE06FB500F875A4 /* Sources */,
				837C30F42BE06FB500F875A4 /* Frameworks */,
				837C30F52BE06FB500F875A4 /* Resources */,
			);
			buildRules = (
			);
			dependencies = (
			);
			name = ColumboBingo;
			productName = ColumboBingo;
			productReference = 837C30F72BE06FB500F875A4 /* ColumboBingo.app */;
			productType = "com.apple.product-type.application";
		};
		83C203492BE43BAD00A0C99C /* ColumboBingoTests */ = {
			isa = PBXNativeTarget;
			buildConfigurationList = 83C203522BE43BAE00A0C99C /* Build configuration list for PBXNativeTarget "ColumboBingoTests" */;
			buildPhases = (
				83C203462BE43BAD00A0C99C /* Sources */,
				83C203472BE43BAD00A0C99C /* Frameworks */,
				83C203482BE43BAD00A0C99C /* Resources */,
			);
			buildRules = (
			);
			dependencies = (
				83C2034F2BE43BAE00A0C99C /* PBXTargetDependency */,
			);
			name = ColumboBingoTests;
			productName = ColumboBingoTests;
			productReference = 83C2034A2BE43BAD00A0C99C /* ColumboBingoTests.xctest */;
			productType = "com.apple.product-type.bundle.unit-test";
		};
/* End PBXNativeTarget section */

/* Begin PBXProject section */
		837C30EF2BE06FB500F875A4 /* Project object */ = {
			isa = PBXProject;
			attributes = {
				BuildIndependentTargetsInParallel = 1;
				LastSwiftUpdateCheck = 1520;
				LastUpgradeCheck = 1520;
				TargetAttributes = {
					837C30F62BE06FB500F875A4 = {
						CreatedOnToolsVersion = 15.2;
					};
					83C203492BE43BAD00A0C99C = {
						CreatedOnToolsVersion = 15.2;
						TestTargetID = 837C30F62BE06FB500F875A4;
					};
				};
			};
			buildConfigurationList = 837C30F22BE06FB500F875A4 /* Build configuration list for PBXProject "ColumboBingo" */;
			compatibilityVersion = "Xcode 14.0";
			developmentRegion = en;
			hasScannedForEncodings = 0;
			knownRegions = (
				en,
				Base,
			);
			mainGroup = 837C30EE2BE06FB500F875A4;
			productRefGroup = 837C30F82BE06FB500F875A4 /* Products */;
			projectDirPath = "";
			projectRoot = "";
			targets = (
				837C30F62BE06FB500F875A4 /* ColumboBingo */,
				83C203492BE43BAD00A0C99C /* ColumboBingoTests */,
			);
		};
/* End PBXProject section */

/* Begin PBXResourcesBuildPhase section */
		837C30F52BE06FB500F875A4 /* Resources */ = {
			isa = PBXResourcesBuildPhase;
			buildActionMask = 2147483647;
			files = (
				837C31022BE06FBD00F875A4 /* Preview Assets.xcassets in Resources */,
				837C30FF2BE06FBD00F875A4 /* Assets.xcassets in Resources */,
			);
			runOnlyForDeploymentPostprocessing = 0;
		};
		83C203482BE43BAD00A0C99C /* Resources */ = {
			isa = PBXResourcesBuildPhase;
			buildActionMask = 2147483647;
			files = (
			);
			runOnlyForDeploymentPostprocessing = 0;
		};
/* End PBXResourcesBuildPhase section */

/* Begin PBXSourcesBuildPhase section */
		837C30F32BE06FB500F875A4 /* Sources */ = {
			isa = PBXSourcesBuildPhase;
			buildActionMask = 2147483647;
			files = (
				837C30FD2BE06FB500F875A4 /* ContentView.swift in Sources */,
				837C310D2BE1D64600F875A4 /* GridButtonView.swift in Sources */,
				837C31092BE0712700F875A4 /* Blueprint.swift in Sources */,
				837C310B2BE18DCF00F875A4 /* ViewModel.swift in Sources */,
				837C30FB2BE06FB500F875A4 /* ColumboBingoApp.swift in Sources */,
			);
			runOnlyForDeploymentPostprocessing = 0;
		};
		83C203462BE43BAD00A0C99C /* Sources */ = {
			isa = PBXSourcesBuildPhase;
			buildActionMask = 2147483647;
			files = (
				83C2034D2BE43BAE00A0C99C /* ColumboBingoTests.swift in Sources */,
			);
			runOnlyForDeploymentPostprocessing = 0;
		};
/* End PBXSourcesBuildPhase section */

/* Begin PBXTargetDependency section */
		83C2034F2BE43BAE00A0C99C /* PBXTargetDependency */ = {
			isa = PBXTargetDependency;
			target = 837C30F62BE06FB500F875A4 /* ColumboBingo */;
			targetProxy = 83C2034E2BE43BAE00A0C99C /* PBXContainerItemProxy */;
		};
/* End PBXTargetDependency section */

/* Begin XCBuildConfiguration section */
		837C31032BE06FBD00F875A4 /* Debug */ = {
			isa = XCBuildConfiguration;
			buildSettings = {
				ALWAYS_SEARCH_USER_PATHS = NO;
				ASSETCATALOG_COMPILER_GENERATE_SWIFT_ASSET_SYMBOL_EXTENSIONS = YES;
				CLANG_ANALYZER_NONNULL = YES;
				CLANG_ANALYZER_NUMBER_OBJECT_CONVERSION = YES_AGGRESSIVE;
				CLANG_CXX_LANGUAGE_STANDARD = "gnu++20";
				CLANG_ENABLE_MODULES = YES;
				CLANG_ENABLE_OBJC_ARC = YES;
				CLANG_ENABLE_OBJC_WEAK = YES;
				CLANG_WARN_BLOCK_CAPTURE_AUTORELEASING = YES;
				CLANG_WARN_BOOL_CONVERSION = YES;
				CLANG_WARN_COMMA = YES;
				CLANG_WARN_CONSTANT_CONVERSION = YES;
				CLANG_WARN_DEPRECATED_OBJC_IMPLEMENTATIONS = YES;
				CLANG_WARN_DIRECT_OBJC_ISA_USAGE = YES_ERROR;
				CLANG_WARN_DOCUMENTATION_COMMENTS = YES;
				CLANG_WARN_EMPTY_BODY = YES;
				CLANG_WARN_ENUM_CONVERSION = YES;
				CLANG_WARN_INFINITE_RECURSION = YES;
				CLANG_WARN_INT_CONVERSION = YES;
				CLANG_WARN_NON_LITERAL_NULL_CONVERSION = YES;
				CLANG_WARN_OBJC_IMPLICIT_RETAIN_SELF = YES;
				CLANG_WARN_OBJC_LITERAL_CONVERSION = YES;
				CLANG_WARN_OBJC_ROOT_CLASS = YES_ERROR;
				CLANG_WARN_QUOTED_INCLUDE_IN_FRAMEWORK_HEADER = YES;
				CLANG_WARN_RANGE_LOOP_ANALYSIS = YES;
				CLANG_WARN_STRICT_PROTOTYPES = YES;
				CLANG_WARN_SUSPICIOUS_MOVE = YES;
				CLANG_WARN_UNGUARDED_AVAILABILITY = YES_AGGRESSIVE;
				CLANG_WARN_UNREACHABLE_CODE = YES;
				CLANG_WARN__DUPLICATE_METHOD_MATCH = YES;
				COPY_PHASE_STRIP = NO;
				DEBUG_INFORMATION_FORMAT = dwarf;
				ENABLE_STRICT_OBJC_MSGSEND = YES;
				ENABLE_TESTABILITY = YES;
				ENABLE_USER_SCRIPT_SANDBOXING = YES;
				GCC_C_LANGUAGE_STANDARD = gnu17;
				GCC_DYNAMIC_NO_PIC = NO;
				GCC_NO_COMMON_BLOCKS = YES;
				GCC_OPTIMIZATION_LEVEL = 0;
				GCC_PREPROCESSOR_DEFINITIONS = (
					"DEBUG=1",
					"$(inherited)",
				);
				GCC_WARN_64_TO_32_BIT_CONVERSION = YES;
				GCC_WARN_ABOUT_RETURN_TYPE = YES_ERROR;
				GCC_WARN_UNDECLARED_SELECTOR = YES;
				GCC_WARN_UNINITIALIZED_AUTOS = YES_AGGRESSIVE;
				GCC_WARN_UNUSED_FUNCTION = YES;
				GCC_WARN_UNUSED_VARIABLE = YES;
				IPHONEOS_DEPLOYMENT_TARGET = 17.2;
				LOCALIZATION_PREFERS_STRING_CATALOGS = YES;
				MTL_ENABLE_DEBUG_INFO = INCLUDE_SOURCE;
				MTL_FAST_MATH = YES;
				ONLY_ACTIVE_ARCH = YES;
				SDKROOT = iphoneos;
				SWIFT_ACTIVE_COMPILATION_CONDITIONS = "DEBUG $(inherited)";
				SWIFT_OPTIMIZATION_LEVEL = "-Onone";
			};
			name = Debug;
		};
		837C31042BE06FBD00F875A4 /* Release */ = {
			isa = XCBuildConfiguration;
			buildSettings = {
				ALWAYS_SEARCH_USER_PATHS = NO;
				ASSETCATALOG_COMPILER_GENERATE_SWIFT_ASSET_SYMBOL_EXTENSIONS = YES;
				CLANG_ANALYZER_NONNULL = YES;
				CLANG_ANALYZER_NUMBER_OBJECT_CONVERSION = YES_AGGRESSIVE;
				CLANG_CXX_LANGUAGE_STANDARD = "gnu++20";
				CLANG_ENABLE_MODULES = YES;
				CLANG_ENABLE_OBJC_ARC = YES;
				CLANG_ENABLE_OBJC_WEAK = YES;
				CLANG_WARN_BLOCK_CAPTURE_AUTORELEASING = YES;
				CLANG_WARN_BOOL_CONVERSION = YES;
				CLANG_WARN_COMMA = YES;
				CLANG_WARN_CONSTANT_CONVERSION = YES;
				CLANG_WARN_DEPRECATED_OBJC_IMPLEMENTATIONS = YES;
				CLANG_WARN_DIRECT_OBJC_ISA_USAGE = YES_ERROR;
				CLANG_WARN_DOCUMENTATION_COMMENTS = YES;
				CLANG_WARN_EMPTY_BODY = YES;
				CLANG_WARN_ENUM_CONVERSION = YES;
				CLANG_WARN_INFINITE_RECURSION = YES;
				CLANG_WARN_INT_CONVERSION = YES;
				CLANG_WARN_NON_LITERAL_NULL_CONVERSION = YES;
				CLANG_WARN_OBJC_IMPLICIT_RETAIN_SELF = YES;
				CLANG_WARN_OBJC_LITERAL_CONVERSION = YES;
				CLANG_WARN_OBJC_ROOT_CLASS = YES_ERROR;
				CLANG_WARN_QUOTED_INCLUDE_IN_FRAMEWORK_HEADER = YES;
				CLANG_WARN_RANGE_LOOP_ANALYSIS = YES;
				CLANG_WARN_STRICT_PROTOTYPES = YES;
				CLANG_WARN_SUSPICIOUS_MOVE = YES;
				CLANG_WARN_UNGUARDED_AVAILABILITY = YES_AGGRESSIVE;
				CLANG_WARN_UNREACHABLE_CODE = YES;
				CLANG_WARN__DUPLICATE_METHOD_MATCH = YES;
				COPY_PHASE_STRIP = NO;
				DEBUG_INFORMATION_FORMAT = "dwarf-with-dsym";
				ENABLE_NS_ASSERTIONS = NO;
				ENABLE_STRICT_OBJC_MSGSEND = YES;
				ENABLE_USER_SCRIPT_SANDBOXING = YES;
				GCC_C_LANGUAGE_STANDARD = gnu17;
				GCC_NO_COMMON_BLOCKS = YES;
				GCC_WARN_64_TO_32_BIT_CONVERSION = YES;
				GCC_WARN_ABOUT_RETURN_TYPE = YES_ERROR;
				GCC_WARN_UNDECLARED_SELECTOR = YES;
				GCC_WARN_UNINITIALIZED_AUTOS = YES_AGGRESSIVE;
				GCC_WARN_UNUSED_FUNCTION = YES;
				GCC_WARN_UNUSED_VARIABLE = YES;
				IPHONEOS_DEPLOYMENT_TARGET = 17.2;
				LOCALIZATION_PREFERS_STRING_CATALOGS = YES;
				MTL_ENABLE_DEBUG_INFO = NO;
				MTL_FAST_MATH = YES;
				SDKROOT = iphoneos;
				SWIFT_COMPILATION_MODE = wholemodule;
				VALIDATE_PRODUCT = YES;
			};
			name = Release;
		};
		837C31062BE06FBD00F875A4 /* Debug */ = {
			isa = XCBuildConfiguration;
			buildSettings = {
				ASSETCATALOG_COMPILER_APPICON_NAME = AppIcon;
				ASSETCATALOG_COMPILER_GLOBAL_ACCENT_COLOR_NAME = AccentColor;
				CODE_SIGN_STYLE = Automatic;
				CURRENT_PROJECT_VERSION = 1;
				DEVELOPMENT_ASSET_PATHS = "\"ColumboBingo/Preview Content\"";
				DEVELOPMENT_TEAM = F3CD9UZ9BR;
				ENABLE_PREVIEWS = YES;
				GENERATE_INFOPLIST_FILE = YES;
				INFOPLIST_FILE = ColumboBingo/Info.plist;
				INFOPLIST_KEY_UIApplicationSceneManifest_Generation = YES;
				INFOPLIST_KEY_UIApplicationSupportsIndirectInputEvents = YES;
				INFOPLIST_KEY_UISupportedInterfaceOrientations_iPad = "UIInterfaceOrientationPortrait UIInterfaceOrientationPortraitUpsideDown UIInterfaceOrientationLandscapeLeft UIInterfaceOrientationLandscapeRight";
				INFOPLIST_KEY_UISupportedInterfaceOrientations_iPhone = "UIInterfaceOrientationPortrait UIInterfaceOrientationLandscapeLeft UIInterfaceOrientationLandscapeRight";
				LD_RUNPATH_SEARCH_PATHS = (
					"$(inherited)",
					"@executable_path/Frameworks",
				);
				MARKETING_VERSION = 1.0;
				PRODUCT_BUNDLE_IDENTIFIER = me.Chiles.Inge.ColumboBingo;
				PRODUCT_NAME = "$(TARGET_NAME)";
				SWIFT_EMIT_LOC_STRINGS = YES;
				SWIFT_VERSION = 5.0;
				TARGETED_DEVICE_FAMILY = "1,2";
			};
			name = Debug;
		};
		837C31072BE06FBD00F875A4 /* Release */ = {
			isa = XCBuildConfiguration;
			buildSettings = {
				ASSETCATALOG_COMPILER_APPICON_NAME = AppIcon;
				ASSETCATALOG_COMPILER_GLOBAL_ACCENT_COLOR_NAME = AccentColor;
				CODE_SIGN_STYLE = Automatic;
				CURRENT_PROJECT_VERSION = 1;
				DEVELOPMENT_ASSET_PATHS = "\"ColumboBingo/Preview Content\"";
				DEVELOPMENT_TEAM = F3CD9UZ9BR;
				ENABLE_PREVIEWS = YES;
				GENERATE_INFOPLIST_FILE = YES;
				INFOPLIST_FILE = ColumboBingo/Info.plist;
				INFOPLIST_KEY_UIApplicationSceneManifest_Generation = YES;
				INFOPLIST_KEY_UIApplicationSupportsIndirectInputEvents = YES;
				INFOPLIST_KEY_UISupportedInterfaceOrientations_iPad = "UIInterfaceOrientationPortrait UIInterfaceOrientationPortraitUpsideDown UIInterfaceOrientationLandscapeLeft UIInterfaceOrientationLandscapeRight";
				INFOPLIST_KEY_UISupportedInterfaceOrientations_iPhone = "UIInterfaceOrientationPortrait UIInterfaceOrientationLandscapeLeft UIInterfaceOrientationLandscapeRight";
				LD_RUNPATH_SEARCH_PATHS = (
					"$(inherited)",
					"@executable_path/Frameworks",
				);
				MARKETING_VERSION = 1.0;
				PRODUCT_BUNDLE_IDENTIFIER = me.Chiles.Inge.ColumboBingo;
				PRODUCT_NAME = "$(TARGET_NAME)";
				SWIFT_EMIT_LOC_STRINGS = YES;
				SWIFT_VERSION = 5.0;
				TARGETED_DEVICE_FAMILY = "1,2";
			};
			name = Release;
		};
		83C203502BE43BAE00A0C99C /* Debug */ = {
			isa = XCBuildConfiguration;
			buildSettings = {
				BUNDLE_LOADER = "$(TEST_HOST)";
				CODE_SIGN_STYLE = Automatic;
				CURRENT_PROJECT_VERSION = 1;
				DEVELOPMENT_TEAM = F3CD9UZ9BR;
				GENERATE_INFOPLIST_FILE = YES;
				MARKETING_VERSION = 1.0;
				PRODUCT_BUNDLE_IDENTIFIER = me.Chiles.Inge.ColumboBingoTests;
				PRODUCT_NAME = "$(TARGET_NAME)";
				SWIFT_EMIT_LOC_STRINGS = NO;
				SWIFT_VERSION = 5.0;
				TARGETED_DEVICE_FAMILY = "1,2";
				TEST_HOST = "$(BUILT_PRODUCTS_DIR)/ColumboBingo.app/$(BUNDLE_EXECUTABLE_FOLDER_PATH)/ColumboBingo";
			};
			name = Debug;
		};
		83C203512BE43BAE00A0C99C /* Release */ = {
			isa = XCBuildConfiguration;
			buildSettings = {
				BUNDLE_LOADER = "$(TEST_HOST)";
				CODE_SIGN_STYLE = Automatic;
				CURRENT_PROJECT_VERSION = 1;
				DEVELOPMENT_TEAM = F3CD9UZ9BR;
				GENERATE_INFOPLIST_FILE = YES;
				MARKETING_VERSION = 1.0;
				PRODUCT_BUNDLE_IDENTIFIER = me.Chiles.Inge.ColumboBingoTests;
				PRODUCT_NAME = "$(TARGET_NAME)";
				SWIFT_EMIT_LOC_STRINGS = NO;
				SWIFT_VERSION = 5.0;
				TARGETED_DEVICE_FAMILY = "1,2";
				TEST_HOST = "$(BUILT_PRODUCTS_DIR)/ColumboBingo.app/$(BUNDLE_EXECUTABLE_FOLDER_PATH)/ColumboBingo";
			};
			name = Release;
		};
/* End XCBuildConfiguration section */

/* Begin XCConfigurationList section */
		837C30F22BE06FB500F875A4 /* Build configuration list for PBXProject "ColumboBingo" */ = {
			isa = XCConfigurationList;
			buildConfigurations = (
				837C31032BE06FBD00F875A4 /* Debug */,
				837C31042BE06FBD00F875A4 /* Release */,
			);
			defaultConfigurationIsVisible = 0;
			defaultConfigurationName = Release;
		};
		837C31052BE06FBD00F875A4 /* Build configuration list for PBXNativeTarget "ColumboBingo" */ = {
			isa = XCConfigurationList;
			buildConfigurations = (
				837C31062BE06FBD00F875A4 /* Debug */,
				837C31072BE06FBD00F875A4 /* Release */,
			);
			defaultConfigurationIsVisible = 0;
			defaultConfigurationName = Release;
		};
		83C203522BE43BAE00A0C99C /* Build configuration list for PBXNativeTarget "ColumboBingoTests" */ = {
			isa = XCConfigurationList;
			buildConfigurations = (
				83C203502BE43BAE00A0C99C /* Debug */,
				83C203512BE43BAE00A0C99C /* Release */,
			);
			defaultConfigurationIsVisible = 0;
			defaultConfigurationName = Release;
		};
/* End XCConfigurationList section */
	};
	rootObject = 837C30EF2BE06FB500F875A4 /* Project object */;
}
